// !$*UTF8*$!
{
	archiveVersion = 1;
	classes = {
	};
	objectVersion = 63;
	objects = {

/* Begin PBXBuildFile section */
		BF1509662CAA620B00D55107 /* LaunchScreen.storyboard in Resources */ = {isa = PBXBuildFile; fileRef = BF15095E2CAA620B00D55107 /* LaunchScreen.storyboard */; };
		BF1509672CAA620B00D55107 /* Main.storyboard in Resources */ = {isa = PBXBuildFile; fileRef = BF1509602CAA620B00D55107 /* Main.storyboard */; };
		BF1509682CAA620B00D55107 /* Assets.xcassets in Resources */ = {isa = PBXBuildFile; fileRef = BF1509622CAA620B00D55107 /* Assets.xcassets */; };
		BF1509792CAA620B00D55107 /* AppDelegate.swift in Sources */ = {isa = PBXBuildFile; fileRef = BF15095A2CAA620B00D55107 /* AppDelegate.swift */; };
		BF15097A2CAA620B00D55107 /* SceneDelegate.swift in Sources */ = {isa = PBXBuildFile; fileRef = BF15095B2CAA620B00D55107 /* SceneDelegate.swift */; };
		BF1509B02CAA621A00D55107 /* CameraViewController.swift in Sources */ = {isa = PBXBuildFile; fileRef = BF15099D2CAA621A00D55107 /* CameraViewController.swift */; };
		BF1509B12CAA621A00D55107 /* ExplorerViewController.swift in Sources */ = {isa = PBXBuildFile; fileRef = BF15099E2CAA621A00D55107 /* ExplorerViewController.swift */; };
		BF1509B22CAA621A00D55107 /* HomeViewController.swift in Sources */ = {isa = PBXBuildFile; fileRef = BF15099F2CAA621A00D55107 /* HomeViewController.swift */; };
		BF1509B32CAA621A00D55107 /* NotificationsViewController.swift in Sources */ = {isa = PBXBuildFile; fileRef = BF1509A02CAA621A00D55107 /* NotificationsViewController.swift */; };
		BF1509B42CAA621A00D55107 /* ProfileViewController.swift in Sources */ = {isa = PBXBuildFile; fileRef = BF1509A12CAA621A00D55107 /* ProfileViewController.swift */; };
		BF1509B52CAA621A00D55107 /* LoginViewController.swift in Sources */ = {isa = PBXBuildFile; fileRef = BF1509A32CAA621A00D55107 /* LoginViewController.swift */; };
		BF1509B62CAA621A00D55107 /* RegistrationViewController.swift in Sources */ = {isa = PBXBuildFile; fileRef = BF1509A42CAA621A00D55107 /* RegistrationViewController.swift */; };
		BF1509B72CAA621A00D55107 /* EditProfileViewController.swift in Sources */ = {isa = PBXBuildFile; fileRef = BF1509A62CAA621A00D55107 /* EditProfileViewController.swift */; };
		BF1509B82CAA621A00D55107 /* ListViewController.swift in Sources */ = {isa = PBXBuildFile; fileRef = BF1509A72CAA621A00D55107 /* ListViewController.swift */; };
		BF1509B92CAA621A00D55107 /* PostEditorViewController.swift in Sources */ = {isa = PBXBuildFile; fileRef = BF1509A82CAA621A00D55107 /* PostEditorViewController.swift */; };
		BF1509BA2CAA621A00D55107 /* PostViewController.swift in Sources */ = {isa = PBXBuildFile; fileRef = BF1509A92CAA621A00D55107 /* PostViewController.swift */; };
		BF1509BB2CAA621A00D55107 /* PublishPostViewController.swift in Sources */ = {isa = PBXBuildFile; fileRef = BF1509AA2CAA621A00D55107 /* PublishPostViewController.swift */; };
		BF1509BC2CAA621A00D55107 /* SearchResultViewController.swift in Sources */ = {isa = PBXBuildFile; fileRef = BF1509AB2CAA621A00D55107 /* SearchResultViewController.swift */; };
		BF1509BD2CAA621A00D55107 /* SearchViewController.swift in Sources */ = {isa = PBXBuildFile; fileRef = BF1509AC2CAA621A00D55107 /* SearchViewController.swift */; };
		BF1509BE2CAA621A00D55107 /* SettingsViewController.swift in Sources */ = {isa = PBXBuildFile; fileRef = BF1509AD2CAA621A00D55107 /* SettingsViewController.swift */; };
		BF1509C22CAA672700D55107 /* GoogleService-Info.plist in Resources */ = {isa = PBXBuildFile; fileRef = BF1509C12CAA672700D55107 /* GoogleService-Info.plist */; };
		BF1509C52CAA6B3A00D55107 /* DatabaseManager.swift in Sources */ = {isa = PBXBuildFile; fileRef = BF1509C42CAA6B3A00D55107 /* DatabaseManager.swift */; };
		BF1509C72CAA6BB300D55107 /* AuthManager.swift in Sources */ = {isa = PBXBuildFile; fileRef = BF1509C62CAA6BB300D55107 /* AuthManager.swift */; };
		BF1509C92CAA6BDB00D55107 /* StorageManager.swift in Sources */ = {isa = PBXBuildFile; fileRef = BF1509C82CAA6BDB00D55107 /* StorageManager.swift */; };
		CE5D52511589DB72E541BD00 /* Pods_Instagram_clone.framework in Frameworks */ = {isa = PBXBuildFile; fileRef = C553EE225009AFC80D6B7217 /* Pods_Instagram_clone.framework */; };
/* End PBXBuildFile section */

/* Begin PBXFileReference section */
		570E5F4DD6ADF4CBA8CE0F69 /* Pods-Instagram-clone.release.xcconfig */ = {isa = PBXFileReference; includeInIndex = 1; lastKnownFileType = text.xcconfig; name = "Pods-Instagram-clone.release.xcconfig"; path = "Target Support Files/Pods-Instagram-clone/Pods-Instagram-clone.release.xcconfig"; sourceTree = "<group>"; };
		BF15095A2CAA620B00D55107 /* AppDelegate.swift */ = {isa = PBXFileReference; lastKnownFileType = sourcecode.swift; path = AppDelegate.swift; sourceTree = "<group>"; };
		BF15095B2CAA620B00D55107 /* SceneDelegate.swift */ = {isa = PBXFileReference; lastKnownFileType = sourcecode.swift; path = SceneDelegate.swift; sourceTree = "<group>"; };
		BF15095D2CAA620B00D55107 /* Base */ = {isa = PBXFileReference; lastKnownFileType = file.storyboard; name = Base; path = Base.lproj/LaunchScreen.storyboard; sourceTree = "<group>"; };
		BF15095F2CAA620B00D55107 /* Base */ = {isa = PBXFileReference; lastKnownFileType = file.storyboard; name = Base; path = Base.lproj/Main.storyboard; sourceTree = "<group>"; };
		BF1509622CAA620B00D55107 /* Assets.xcassets */ = {isa = PBXFileReference; lastKnownFileType = folder.assetcatalog; path = Assets.xcassets; sourceTree = "<group>"; };
		BF1509642CAA620B00D55107 /* Info.plist */ = {isa = PBXFileReference; lastKnownFileType = text.plist.xml; path = Info.plist; sourceTree = "<group>"; };
		BF15099D2CAA621A00D55107 /* CameraViewController.swift */ = {isa = PBXFileReference; lastKnownFileType = sourcecode.swift; path = CameraViewController.swift; sourceTree = "<group>"; };
		BF15099E2CAA621A00D55107 /* ExplorerViewController.swift */ = {isa = PBXFileReference; lastKnownFileType = sourcecode.swift; path = ExplorerViewController.swift; sourceTree = "<group>"; };
		BF15099F2CAA621A00D55107 /* HomeViewController.swift */ = {isa = PBXFileReference; lastKnownFileType = sourcecode.swift; path = HomeViewController.swift; sourceTree = "<group>"; };
		BF1509A02CAA621A00D55107 /* NotificationsViewController.swift */ = {isa = PBXFileReference; lastKnownFileType = sourcecode.swift; path = NotificationsViewController.swift; sourceTree = "<group>"; };
		BF1509A12CAA621A00D55107 /* ProfileViewController.swift */ = {isa = PBXFileReference; lastKnownFileType = sourcecode.swift; path = ProfileViewController.swift; sourceTree = "<group>"; };
		BF1509A32CAA621A00D55107 /* LoginViewController.swift */ = {isa = PBXFileReference; lastKnownFileType = sourcecode.swift; path = LoginViewController.swift; sourceTree = "<group>"; };
		BF1509A42CAA621A00D55107 /* RegistrationViewController.swift */ = {isa = PBXFileReference; lastKnownFileType = sourcecode.swift; path = RegistrationViewController.swift; sourceTree = "<group>"; };
		BF1509A62CAA621A00D55107 /* EditProfileViewController.swift */ = {isa = PBXFileReference; lastKnownFileType = sourcecode.swift; path = EditProfileViewController.swift; sourceTree = "<group>"; };
		BF1509A72CAA621A00D55107 /* ListViewController.swift */ = {isa = PBXFileReference; lastKnownFileType = sourcecode.swift; path = ListViewController.swift; sourceTree = "<group>"; };
		BF1509A82CAA621A00D55107 /* PostEditorViewController.swift */ = {isa = PBXFileReference; lastKnownFileType = sourcecode.swift; path = PostEditorViewController.swift; sourceTree = "<group>"; };
		BF1509A92CAA621A00D55107 /* PostViewController.swift */ = {isa = PBXFileReference; lastKnownFileType = sourcecode.swift; path = PostViewController.swift; sourceTree = "<group>"; };
		BF1509AA2CAA621A00D55107 /* PublishPostViewController.swift */ = {isa = PBXFileReference; lastKnownFileType = sourcecode.swift; path = PublishPostViewController.swift; sourceTree = "<group>"; };
		BF1509AB2CAA621A00D55107 /* SearchResultViewController.swift */ = {isa = PBXFileReference; lastKnownFileType = sourcecode.swift; path = SearchResultViewController.swift; sourceTree = "<group>"; };
		BF1509AC2CAA621A00D55107 /* SearchViewController.swift */ = {isa = PBXFileReference; lastKnownFileType = sourcecode.swift; path = SearchViewController.swift; sourceTree = "<group>"; };
		BF1509AD2CAA621A00D55107 /* SettingsViewController.swift */ = {isa = PBXFileReference; lastKnownFileType = sourcecode.swift; path = SettingsViewController.swift; sourceTree = "<group>"; };
		BF1509C12CAA672700D55107 /* GoogleService-Info.plist */ = {isa = PBXFileReference; lastKnownFileType = text.plist.xml; path = "GoogleService-Info.plist"; sourceTree = "<group>"; };
		BF1509C42CAA6B3A00D55107 /* DatabaseManager.swift */ = {isa = PBXFileReference; lastKnownFileType = sourcecode.swift; path = DatabaseManager.swift; sourceTree = "<group>"; };
		BF1509C62CAA6BB300D55107 /* AuthManager.swift */ = {isa = PBXFileReference; lastKnownFileType = sourcecode.swift; path = AuthManager.swift; sourceTree = "<group>"; };
		BF1509C82CAA6BDB00D55107 /* StorageManager.swift */ = {isa = PBXFileReference; lastKnownFileType = sourcecode.swift; path = StorageManager.swift; sourceTree = "<group>"; };
		BF7F45E02CAA59EB006F5955 /* Instagram-clone.app */ = {isa = PBXFileReference; explicitFileType = wrapper.application; includeInIndex = 0; path = "Instagram-clone.app"; sourceTree = BUILT_PRODUCTS_DIR; };
		C553EE225009AFC80D6B7217 /* Pods_Instagram_clone.framework */ = {isa = PBXFileReference; explicitFileType = wrapper.framework; includeInIndex = 0; path = Pods_Instagram_clone.framework; sourceTree = BUILT_PRODUCTS_DIR; };
		F181993BF615BC87BE35A3A4 /* Pods-Instagram-clone.debug.xcconfig */ = {isa = PBXFileReference; includeInIndex = 1; lastKnownFileType = text.xcconfig; name = "Pods-Instagram-clone.debug.xcconfig"; path = "Target Support Files/Pods-Instagram-clone/Pods-Instagram-clone.debug.xcconfig"; sourceTree = "<group>"; };
/* End PBXFileReference section */

/* Begin PBXFrameworksBuildPhase section */
		BF7F45DD2CAA59EB006F5955 /* Frameworks */ = {
			isa = PBXFrameworksBuildPhase;
			buildActionMask = 2147483647;
			files = (
				CE5D52511589DB72E541BD00 /* Pods_Instagram_clone.framework in Frameworks */,
			);
			runOnlyForDeploymentPostprocessing = 0;
		};
/* End PBXFrameworksBuildPhase section */

/* Begin PBXGroup section */
		B280F64043D58704C7598A47 /* Frameworks */ = {
			isa = PBXGroup;
			children = (
				C553EE225009AFC80D6B7217 /* Pods_Instagram_clone.framework */,
			);
			name = Frameworks;
			sourceTree = "<group>";
		};
		BF1509592CAA620B00D55107 /* Models */ = {
			isa = PBXGroup;
			children = (
			);
			path = Models;
			sourceTree = "<group>";
		};
		BF15095C2CAA620B00D55107 /* Resources */ = {
			isa = PBXGroup;
			children = (
				BF1509C12CAA672700D55107 /* GoogleService-Info.plist */,
				BF15095A2CAA620B00D55107 /* AppDelegate.swift */,
				BF15095B2CAA620B00D55107 /* SceneDelegate.swift */,
				BF1509C42CAA6B3A00D55107 /* DatabaseManager.swift */,
				BF1509C62CAA6BB300D55107 /* AuthManager.swift */,
				BF1509C82CAA6BDB00D55107 /* StorageManager.swift */,
			);
			path = Resources;
			sourceTree = "<group>";
		};
		BF1509612CAA620B00D55107 /* Storyboards */ = {
			isa = PBXGroup;
			children = (
				BF15095E2CAA620B00D55107 /* LaunchScreen.storyboard */,
				BF1509602CAA620B00D55107 /* Main.storyboard */,
			);
			path = Storyboards;
			sourceTree = "<group>";
		};
		BF1509632CAA620B00D55107 /* View */ = {
			isa = PBXGroup;
			children = (
				BF1509612CAA620B00D55107 /* Storyboards */,
				BF1509622CAA620B00D55107 /* Assets.xcassets */,
			);
			path = View;
			sourceTree = "<group>";
		};
		BF1509652CAA620B00D55107 /* Instagram-clone */ = {
			isa = PBXGroup;
			children = (
				BF1509AF2CAA621A00D55107 /* Controllers */,
				BF1509592CAA620B00D55107 /* Models */,
				BF15095C2CAA620B00D55107 /* Resources */,
				BF1509632CAA620B00D55107 /* View */,
				BF1509642CAA620B00D55107 /* Info.plist */,
			);
			path = "Instagram-clone";
			sourceTree = "<group>";
		};
		BF1509A22CAA621A00D55107 /* Core Tabs */ = {
			isa = PBXGroup;
			children = (
				BF15099D2CAA621A00D55107 /* CameraViewController.swift */,
				BF15099E2CAA621A00D55107 /* ExplorerViewController.swift */,
				BF15099F2CAA621A00D55107 /* HomeViewController.swift */,
				BF1509A02CAA621A00D55107 /* NotificationsViewController.swift */,
				BF1509A12CAA621A00D55107 /* ProfileViewController.swift */,
			);
			path = "Core Tabs";
			sourceTree = "<group>";
		};
		BF1509A52CAA621A00D55107 /* Onboarding */ = {
			isa = PBXGroup;
			children = (
				BF1509A32CAA621A00D55107 /* LoginViewController.swift */,
				BF1509A42CAA621A00D55107 /* RegistrationViewController.swift */,
			);
			path = Onboarding;
			sourceTree = "<group>";
		};
		BF1509AE2CAA621A00D55107 /* Other */ = {
			isa = PBXGroup;
			children = (
				BF1509A52CAA621A00D55107 /* Onboarding */,
				BF1509C32CAA6AB600D55107 /* General */,
			);
			path = Other;
			sourceTree = "<group>";
		};
		BF1509AF2CAA621A00D55107 /* Controllers */ = {
			isa = PBXGroup;
			children = (
				BF1509A22CAA621A00D55107 /* Core Tabs */,
				BF1509AE2CAA621A00D55107 /* Other */,
			);
			path = Controllers;
			sourceTree = "<group>";
		};
		BF1509C32CAA6AB600D55107 /* General */ = {
			isa = PBXGroup;
			children = (
				BF1509A62CAA621A00D55107 /* EditProfileViewController.swift */,
				BF1509A72CAA621A00D55107 /* ListViewController.swift */,
				BF1509A82CAA621A00D55107 /* PostEditorViewController.swift */,
				BF1509A92CAA621A00D55107 /* PostViewController.swift */,
				BF1509AA2CAA621A00D55107 /* PublishPostViewController.swift */,
				BF1509AB2CAA621A00D55107 /* SearchResultViewController.swift */,
				BF1509AC2CAA621A00D55107 /* SearchViewController.swift */,
				BF1509AD2CAA621A00D55107 /* SettingsViewController.swift */,
			);
			path = General;
			sourceTree = "<group>";
		};
		BF7F45D72CAA59EB006F5955 = {
			isa = PBXGroup;
			children = (
				BF1509652CAA620B00D55107 /* Instagram-clone */,
				BF7F45E12CAA59EB006F5955 /* Products */,
				E9C996C5B2BCDE2F8C9B510E /* Pods */,
				B280F64043D58704C7598A47 /* Frameworks */,
			);
			sourceTree = "<group>";
		};
		BF7F45E12CAA59EB006F5955 /* Products */ = {
			isa = PBXGroup;
			children = (
				BF7F45E02CAA59EB006F5955 /* Instagram-clone.app */,
			);
			name = Products;
			sourceTree = "<group>";
		};
		E9C996C5B2BCDE2F8C9B510E /* Pods */ = {
			isa = PBXGroup;
			children = (
				F181993BF615BC87BE35A3A4 /* Pods-Instagram-clone.debug.xcconfig */,
				570E5F4DD6ADF4CBA8CE0F69 /* Pods-Instagram-clone.release.xcconfig */,
			);
			path = Pods;
			sourceTree = "<group>";
		};
/* End PBXGroup section */

/* Begin PBXNativeTarget section */
		BF7F45DF2CAA59EB006F5955 /* Instagram-clone */ = {
			isa = PBXNativeTarget;
			buildConfigurationList = BF7F45F32CAA59ED006F5955 /* Build configuration list for PBXNativeTarget "Instagram-clone" */;
			buildPhases = (
				3DB8591E25E1C055CC254B7C /* [CP] Check Pods Manifest.lock */,
				BF7F45DC2CAA59EB006F5955 /* Sources */,
				BF7F45DD2CAA59EB006F5955 /* Frameworks */,
				BF7F45DE2CAA59EB006F5955 /* Resources */,
				4A7150A331BAD4D096F6A3F9 /* [CP] Embed Pods Frameworks */,
			);
			buildRules = (
			);
			dependencies = (
			);
			name = "Instagram-clone";
			productName = "Instagram-clone";
			productReference = BF7F45E02CAA59EB006F5955 /* Instagram-clone.app */;
			productType = "com.apple.product-type.application";
		};
/* End PBXNativeTarget section */

/* Begin PBXProject section */
		BF7F45D82CAA59EB006F5955 /* Project object */ = {
			isa = PBXProject;
			attributes = {
				BuildIndependentTargetsInParallel = 1;
				LastSwiftUpdateCheck = 1600;
				LastUpgradeCheck = 1600;
				TargetAttributes = {
					BF7F45DF2CAA59EB006F5955 = {
						CreatedOnToolsVersion = 16.0;
					};
				};
			};
			buildConfigurationList = BF7F45DB2CAA59EB006F5955 /* Build configuration list for PBXProject "Instagram-clone" */;
			compatibilityVersion = "Xcode 15.3";
			developmentRegion = en;
			hasScannedForEncodings = 0;
			knownRegions = (
				en,
				Base,
			);
			mainGroup = BF7F45D72CAA59EB006F5955;
			minimizedProjectReferenceProxies = 1;
			productRefGroup = BF7F45E12CAA59EB006F5955 /* Products */;
			projectDirPath = "";
			projectRoot = "";
			targets = (
				BF7F45DF2CAA59EB006F5955 /* Instagram-clone */,
			);
		};
/* End PBXProject section */

/* Begin PBXResourcesBuildPhase section */
		BF7F45DE2CAA59EB006F5955 /* Resources */ = {
			isa = PBXResourcesBuildPhase;
			buildActionMask = 2147483647;
			files = (
				BF1509662CAA620B00D55107 /* LaunchScreen.storyboard in Resources */,
				BF1509C22CAA672700D55107 /* GoogleService-Info.plist in Resources */,
				BF1509672CAA620B00D55107 /* Main.storyboard in Resources */,
				BF1509682CAA620B00D55107 /* Assets.xcassets in Resources */,
			);
			runOnlyForDeploymentPostprocessing = 0;
		};
/* End PBXResourcesBuildPhase section */

/* Begin PBXShellScriptBuildPhase section */
		3DB8591E25E1C055CC254B7C /* [CP] Check Pods Manifest.lock */ = {
			isa = PBXShellScriptBuildPhase;
			buildActionMask = 2147483647;
			files = (
			);
			inputFileListPaths = (
			);
			inputPaths = (
				"${PODS_PODFILE_DIR_PATH}/Podfile.lock",
				"${PODS_ROOT}/Manifest.lock",
			);
			name = "[CP] Check Pods Manifest.lock";
			outputFileListPaths = (
			);
			outputPaths = (
				"$(DERIVED_FILE_DIR)/Pods-Instagram-clone-checkManifestLockResult.txt",
			);
			runOnlyForDeploymentPostprocessing = 0;
			shellPath = /bin/sh;
			shellScript = "diff \"${PODS_PODFILE_DIR_PATH}/Podfile.lock\" \"${PODS_ROOT}/Manifest.lock\" > /dev/null\nif [ $? != 0 ] ; then\n    # print error to STDERR\n    echo \"error: The sandbox is not in sync with the Podfile.lock. Run 'pod install' or update your CocoaPods installation.\" >&2\n    exit 1\nfi\n# This output is used by Xcode 'outputs' to avoid re-running this script phase.\necho \"SUCCESS\" > \"${SCRIPT_OUTPUT_FILE_0}\"\n";
			showEnvVarsInLog = 0;
		};
		4A7150A331BAD4D096F6A3F9 /* [CP] Embed Pods Frameworks */ = {
			isa = PBXShellScriptBuildPhase;
			buildActionMask = 2147483647;
			files = (
			);
			inputFileListPaths = (
				"${PODS_ROOT}/Target Support Files/Pods-Instagram-clone/Pods-Instagram-clone-frameworks-${CONFIGURATION}-input-files.xcfilelist",
			);
			name = "[CP] Embed Pods Frameworks";
			outputFileListPaths = (
				"${PODS_ROOT}/Target Support Files/Pods-Instagram-clone/Pods-Instagram-clone-frameworks-${CONFIGURATION}-output-files.xcfilelist",
			);
			runOnlyForDeploymentPostprocessing = 0;
			shellPath = /bin/sh;
			shellScript = "\"${PODS_ROOT}/Target Support Files/Pods-Instagram-clone/Pods-Instagram-clone-frameworks.sh\"\n";
			showEnvVarsInLog = 0;
		};
/* End PBXShellScriptBuildPhase section */

/* Begin PBXSourcesBuildPhase section */
		BF7F45DC2CAA59EB006F5955 /* Sources */ = {
			isa = PBXSourcesBuildPhase;
			buildActionMask = 2147483647;
			files = (
				BF1509792CAA620B00D55107 /* AppDelegate.swift in Sources */,
				BF1509B02CAA621A00D55107 /* CameraViewController.swift in Sources */,
				BF1509B12CAA621A00D55107 /* ExplorerViewController.swift in Sources */,
				BF1509B22CAA621A00D55107 /* HomeViewController.swift in Sources */,
				BF1509B32CAA621A00D55107 /* NotificationsViewController.swift in Sources */,
				BF1509B42CAA621A00D55107 /* ProfileViewController.swift in Sources */,
				BF1509B52CAA621A00D55107 /* LoginViewController.swift in Sources */,
				BF1509C92CAA6BDB00D55107 /* StorageManager.swift in Sources */,
				BF1509B62CAA621A00D55107 /* RegistrationViewController.swift in Sources */,
				BF1509C52CAA6B3A00D55107 /* DatabaseManager.swift in Sources */,
				BF1509B72CAA621A00D55107 /* EditProfileViewController.swift in Sources */,
				BF1509B82CAA621A00D55107 /* ListViewController.swift in Sources */,
				BF1509B92CAA621A00D55107 /* PostEditorViewController.swift in Sources */,
				BF1509BA2CAA621A00D55107 /* PostViewController.swift in Sources */,
				BF1509BB2CAA621A00D55107 /* PublishPostViewController.swift in Sources */,
				BF1509C72CAA6BB300D55107 /* AuthManager.swift in Sources */,
				BF1509BC2CAA621A00D55107 /* SearchResultViewController.swift in Sources */,
				BF1509BD2CAA621A00D55107 /* SearchViewController.swift in Sources */,
				BF1509BE2CAA621A00D55107 /* SettingsViewController.swift in Sources */,
				BF15097A2CAA620B00D55107 /* SceneDelegate.swift in Sources */,
			);
			runOnlyForDeploymentPostprocessing = 0;
		};
/* End PBXSourcesBuildPhase section */

/* Begin PBXVariantGroup section */
		BF15095E2CAA620B00D55107 /* LaunchScreen.storyboard */ = {
			isa = PBXVariantGroup;
			children = (
				BF15095D2CAA620B00D55107 /* Base */,
			);
			name = LaunchScreen.storyboard;
			sourceTree = "<group>";
		};
		BF1509602CAA620B00D55107 /* Main.storyboard */ = {
			isa = PBXVariantGroup;
			children = (
				BF15095F2CAA620B00D55107 /* Base */,
			);
			name = Main.storyboard;
			sourceTree = "<group>";
		};
/* End PBXVariantGroup section */

/* Begin XCBuildConfiguration section */
		BF7F45F42CAA59ED006F5955 /* Debug */ = {
			isa = XCBuildConfiguration;
			baseConfigurationReference = F181993BF615BC87BE35A3A4 /* Pods-Instagram-clone.debug.xcconfig */;
			buildSettings = {
				ASSETCATALOG_COMPILER_APPICON_NAME = AppIcon;
				ASSETCATALOG_COMPILER_GLOBAL_ACCENT_COLOR_NAME = AccentColor;
				CODE_SIGN_STYLE = Automatic;
				CURRENT_PROJECT_VERSION = 1;
				DEVELOPMENT_TEAM = 586C9HZP34;
				ENABLE_USER_SCRIPT_SANDBOXING = NO;
				GENERATE_INFOPLIST_FILE = YES;
				INFOPLIST_FILE = "Instagram-clone/Info.plist";
				INFOPLIST_KEY_UIApplicationSupportsIndirectInputEvents = YES;
				INFOPLIST_KEY_UILaunchStoryboardName = LaunchScreen;
				INFOPLIST_KEY_UIMainStoryboardFile = Main;
				INFOPLIST_KEY_UISupportedInterfaceOrientations_iPad = "UIInterfaceOrientationPortrait UIInterfaceOrientationPortraitUpsideDown UIInterfaceOrientationLandscapeLeft UIInterfaceOrientationLandscapeRight";
				INFOPLIST_KEY_UISupportedInterfaceOrientations_iPhone = "UIInterfaceOrientationPortrait UIInterfaceOrientationLandscapeLeft UIInterfaceOrientationLandscapeRight";
				LD_RUNPATH_SEARCH_PATHS = (
					"$(inherited)",
					"@executable_path/Frameworks",
				);
				MARKETING_VERSION = 1.0;
				PRODUCT_BUNDLE_IDENTIFIER = "com.test.Insta-clone";
				PRODUCT_NAME = "$(TARGET_NAME)";
				SWIFT_EMIT_LOC_STRINGS = YES;
				SWIFT_VERSION = 5.0;
				TARGETED_DEVICE_FAMILY = "1,2";
			};
			name = Debug;
		};
		BF7F45F52CAA59ED006F5955 /* Release */ = {
			isa = XCBuildConfiguration;
			baseConfigurationReference = 570E5F4DD6ADF4CBA8CE0F69 /* Pods-Instagram-clone.release.xcconfig */;
			buildSettings = {
				ASSETCATALOG_COMPILER_APPICON_NAME = AppIcon;
				ASSETCATALOG_COMPILER_GLOBAL_ACCENT_COLOR_NAME = AccentColor;
				CODE_SIGN_STYLE = Automatic;
				CURRENT_PROJECT_VERSION = 1;
				DEVELOPMENT_TEAM = 586C9HZP34;
				ENABLE_USER_SCRIPT_SANDBOXING = NO;
				GENERATE_INFOPLIST_FILE = YES;
				INFOPLIST_FILE = "Instagram-clone/Info.plist";
				INFOPLIST_KEY_UIApplicationSupportsIndirectInputEvents = YES;
				INFOPLIST_KEY_UILaunchStoryboardName = LaunchScreen;
				INFOPLIST_KEY_UIMainStoryboardFile = Main;
				INFOPLIST_KEY_UISupportedInterfaceOrientations_iPad = "UIInterfaceOrientationPortrait UIInterfaceOrientationPortraitUpsideDown UIInterfaceOrientationLandscapeLeft UIInterfaceOrientationLandscapeRight";
				INFOPLIST_KEY_UISupportedInterfaceOrientations_iPhone = "UIInterfaceOrientationPortrait UIInterfaceOrientationLandscapeLeft UIInterfaceOrientationLandscapeRight";
				LD_RUNPATH_SEARCH_PATHS = (
					"$(inherited)",
					"@executable_path/Frameworks",
				);
				MARKETING_VERSION = 1.0;
				PRODUCT_BUNDLE_IDENTIFIER = "com.test.Insta-clone";
				PRODUCT_NAME = "$(TARGET_NAME)";
				SWIFT_EMIT_LOC_STRINGS = YES;
				SWIFT_VERSION = 5.0;
				TARGETED_DEVICE_FAMILY = "1,2";
			};
			name = Release;
		};
		BF7F45F62CAA59ED006F5955 /* Debug */ = {
			isa = XCBuildConfiguration;
			buildSettings = {
				ALWAYS_SEARCH_USER_PATHS = NO;
				ASSETCATALOG_COMPILER_GENERATE_SWIFT_ASSET_SYMBOL_EXTENSIONS = YES;
				CLANG_ANALYZER_NONNULL = YES;
				CLANG_ANALYZER_NUMBER_OBJECT_CONVERSION = YES_AGGRESSIVE;
				CLANG_CXX_LANGUAGE_STANDARD = "gnu++20";
				CLANG_ENABLE_MODULES = YES;
				CLANG_ENABLE_OBJC_ARC = YES;
				CLANG_ENABLE_OBJC_WEAK = YES;
				CLANG_WARN_BLOCK_CAPTURE_AUTORELEASING = YES;
				CLANG_WARN_BOOL_CONVERSION = YES;
				CLANG_WARN_COMMA = YES;
				CLANG_WARN_CONSTANT_CONVERSION = YES;
				CLANG_WARN_DEPRECATED_OBJC_IMPLEMENTATIONS = YES;
				CLANG_WARN_DIRECT_OBJC_ISA_USAGE = YES_ERROR;
				CLANG_WARN_DOCUMENTATION_COMMENTS = YES;
				CLANG_WARN_EMPTY_BODY = YES;
				CLANG_WARN_ENUM_CONVERSION = YES;
				CLANG_WARN_INFINITE_RECURSION = YES;
				CLANG_WARN_INT_CONVERSION = YES;
				CLANG_WARN_NON_LITERAL_NULL_CONVERSION = YES;
				CLANG_WARN_OBJC_IMPLICIT_RETAIN_SELF = YES;
				CLANG_WARN_OBJC_LITERAL_CONVERSION = YES;
				CLANG_WARN_OBJC_ROOT_CLASS = YES_ERROR;
				CLANG_WARN_QUOTED_INCLUDE_IN_FRAMEWORK_HEADER = YES;
				CLANG_WARN_RANGE_LOOP_ANALYSIS = YES;
				CLANG_WARN_STRICT_PROTOTYPES = YES;
				CLANG_WARN_SUSPICIOUS_MOVE = YES;
				CLANG_WARN_UNGUARDED_AVAILABILITY = YES_AGGRESSIVE;
				CLANG_WARN_UNREACHABLE_CODE = YES;
				CLANG_WARN__DUPLICATE_METHOD_MATCH = YES;
				COPY_PHASE_STRIP = NO;
				DEBUG_INFORMATION_FORMAT = dwarf;
				ENABLE_STRICT_OBJC_MSGSEND = YES;
				ENABLE_TESTABILITY = YES;
				ENABLE_USER_SCRIPT_SANDBOXING = YES;
				GCC_C_LANGUAGE_STANDARD = gnu17;
				GCC_DYNAMIC_NO_PIC = NO;
				GCC_NO_COMMON_BLOCKS = YES;
				GCC_OPTIMIZATION_LEVEL = 0;
				GCC_PREPROCESSOR_DEFINITIONS = (
					"DEBUG=1",
					"$(inherited)",
				);
				GCC_WARN_64_TO_32_BIT_CONVERSION = YES;
				GCC_WARN_ABOUT_RETURN_TYPE = YES_ERROR;
				GCC_WARN_UNDECLARED_SELECTOR = YES;
				GCC_WARN_UNINITIALIZED_AUTOS = YES_AGGRESSIVE;
				GCC_WARN_UNUSED_FUNCTION = YES;
				GCC_WARN_UNUSED_VARIABLE = YES;
				IPHONEOS_DEPLOYMENT_TARGET = 18.0;
				LOCALIZATION_PREFERS_STRING_CATALOGS = YES;
				MTL_ENABLE_DEBUG_INFO = INCLUDE_SOURCE;
				MTL_FAST_MATH = YES;
				ONLY_ACTIVE_ARCH = YES;
				SDKROOT = iphoneos;
				SWIFT_ACTIVE_COMPILATION_CONDITIONS = "DEBUG $(inherited)";
				SWIFT_OPTIMIZATION_LEVEL = "-Onone";
			};
			name = Debug;
		};
		BF7F45F72CAA59ED006F5955 /* Release */ = {
			isa = XCBuildConfiguration;
			buildSettings = {
				ALWAYS_SEARCH_USER_PATHS = NO;
				ASSETCATALOG_COMPILER_GENERATE_SWIFT_ASSET_SYMBOL_EXTENSIONS = YES;
				CLANG_ANALYZER_NONNULL = YES;
				CLANG_ANALYZER_NUMBER_OBJECT_CONVERSION = YES_AGGRESSIVE;
				CLANG_CXX_LANGUAGE_STANDARD = "gnu++20";
				CLANG_ENABLE_MODULES = YES;
				CLANG_ENABLE_OBJC_ARC = YES;
				CLANG_ENABLE_OBJC_WEAK = YES;
				CLANG_WARN_BLOCK_CAPTURE_AUTORELEASING = YES;
				CLANG_WARN_BOOL_CONVERSION = YES;
				CLANG_WARN_COMMA = YES;
				CLANG_WARN_CONSTANT_CONVERSION = YES;
				CLANG_WARN_DEPRECATED_OBJC_IMPLEMENTATIONS = YES;
				CLANG_WARN_DIRECT_OBJC_ISA_USAGE = YES_ERROR;
				CLANG_WARN_DOCUMENTATION_COMMENTS = YES;
				CLANG_WARN_EMPTY_BODY = YES;
				CLANG_WARN_ENUM_CONVERSION = YES;
				CLANG_WARN_INFINITE_RECURSION = YES;
				CLANG_WARN_INT_CONVERSION = YES;
				CLANG_WARN_NON_LITERAL_NULL_CONVERSION = YES;
				CLANG_WARN_OBJC_IMPLICIT_RETAIN_SELF = YES;
				CLANG_WARN_OBJC_LITERAL_CONVERSION = YES;
				CLANG_WARN_OBJC_ROOT_CLASS = YES_ERROR;
				CLANG_WARN_QUOTED_INCLUDE_IN_FRAMEWORK_HEADER = YES;
				CLANG_WARN_RANGE_LOOP_ANALYSIS = YES;
				CLANG_WARN_STRICT_PROTOTYPES = YES;
				CLANG_WARN_SUSPICIOUS_MOVE = YES;
				CLANG_WARN_UNGUARDED_AVAILABILITY = YES_AGGRESSIVE;
				CLANG_WARN_UNREACHABLE_CODE = YES;
				CLANG_WARN__DUPLICATE_METHOD_MATCH = YES;
				COPY_PHASE_STRIP = NO;
				DEBUG_INFORMATION_FORMAT = "dwarf-with-dsym";
				ENABLE_NS_ASSERTIONS = NO;
				ENABLE_STRICT_OBJC_MSGSEND = YES;
				ENABLE_USER_SCRIPT_SANDBOXING = YES;
				GCC_C_LANGUAGE_STANDARD = gnu17;
				GCC_NO_COMMON_BLOCKS = YES;
				GCC_WARN_64_TO_32_BIT_CONVERSION = YES;
				GCC_WARN_ABOUT_RETURN_TYPE = YES_ERROR;
				GCC_WARN_UNDECLARED_SELECTOR = YES;
				GCC_WARN_UNINITIALIZED_AUTOS = YES_AGGRESSIVE;
				GCC_WARN_UNUSED_FUNCTION = YES;
				GCC_WARN_UNUSED_VARIABLE = YES;
				IPHONEOS_DEPLOYMENT_TARGET = 18.0;
				LOCALIZATION_PREFERS_STRING_CATALOGS = YES;
				MTL_ENABLE_DEBUG_INFO = NO;
				MTL_FAST_MATH = YES;
				SDKROOT = iphoneos;
				SWIFT_COMPILATION_MODE = wholemodule;
				VALIDATE_PRODUCT = YES;
			};
			name = Release;
		};
/* End XCBuildConfiguration section */

/* Begin XCConfigurationList section */
		BF7F45DB2CAA59EB006F5955 /* Build configuration list for PBXProject "Instagram-clone" */ = {
			isa = XCConfigurationList;
			buildConfigurations = (
				BF7F45F62CAA59ED006F5955 /* Debug */,
				BF7F45F72CAA59ED006F5955 /* Release */,
			);
			defaultConfigurationIsVisible = 0;
			defaultConfigurationName = Release;
		};
		BF7F45F32CAA59ED006F5955 /* Build configuration list for PBXNativeTarget "Instagram-clone" */ = {
			isa = XCConfigurationList;
			buildConfigurations = (
				BF7F45F42CAA59ED006F5955 /* Debug */,
				BF7F45F52CAA59ED006F5955 /* Release */,
			);
			defaultConfigurationIsVisible = 0;
			defaultConfigurationName = Release;
		};
/* End XCConfigurationList section */
	};
	rootObject = BF7F45D82CAA59EB006F5955 /* Project object */;
}
